
Microsoft Visual Studio Solution File, Format Version 12.00
# Visual Studio 15
VisualStudioVersion = 15.0.26124.0
MinimumVisualStudioVersion = 15.0.26124.0
Project("{2150E333-8FDC-42A3-9474-1A3956D46DE8}") = "1 - UI", "1 - UI", "{6CD5A3D0-E8B0-11EA-B60D-C95DE08BB6E3}"
EndProject
Project("{2150E333-8FDC-42A3-9474-1A3956D46DE8}") = "Web", "Web", "{EA304AA9-38B7-43BF-8062-1098D15E0410}"
EndProject
Project("{FAE04EC0-301F-11D3-BF4B-00C04F79EFBC}") = "UI.API.Web", "1 - UI\Web\UI.Web.API\UI.API.Web.csproj", "{3397F4AC-541E-455C-89C7-A6FA0E1FD722}"
EndProject
Project("{2150E333-8FDC-42A3-9474-1A3956D46DE8}") = "4 - Domain", "4 - Domain", "{EB5522E2-0F06-465B-9C30-900C098CB2DC}"
EndProject
Project("{FAE04EC0-301F-11D3-BF4B-00C04F79EFBC}") = "Domain.Core", "4 - Domain\Domain.Core\Domain.Core.csproj", "{594B9A28-E471-4863-8FA1-11439F621A53}"
EndProject
Project("{FAE04EC0-301F-11D3-BF4B-00C04F79EFBC}") = "Domain.EasyDelivery", "4 - Domain\Domain.EasyDelivery\Domain.EasyDelivery.csproj", "{A9435BEB-8419-469B-8CE0-758409326555}"
EndProject
Project("{FAE04EC0-301F-11D3-BF4B-00C04F79EFBC}") = "UI.Web.IoC", "1 - UI\Web\UI.Web.IoC\UI.Web.IoC.csproj", "{5BCE6ED4-E756-4D3C-BD4C-0A826CC13359}"
EndProject
Project("{2150E333-8FDC-42A3-9474-1A3956D46DE8}") = "2 - Application", "2 - Application", "{FA8DEEDF-DB42-4079-A69E-A13A463F5F73}"
EndProject
Project("{FAE04EC0-301F-11D3-BF4B-00C04F79EFBC}") = "Application.EasyDelivery", "2 - Application\Application.EasyDelivery\Application.EasyDelivery.csproj", "{F24D76ED-2939-47EF-9A69-378952D2ADC1}"
EndProject
Project("{2150E333-8FDC-42A3-9474-1A3956D46DE8}") = "3 - Infra", "3 - Infra", "{35D09184-BB25-4371-BF2B-BA0D14B36B04}"
EndProject
Project("{2150E333-8FDC-42A3-9474-1A3956D46DE8}") = "3.1 - Data", "3.1 - Data", "{877F4183-B43B-40D1-BD96-A603E931B1D7}"
EndProject
Project("{FAE04EC0-301F-11D3-BF4B-00C04F79EFBC}") = "Infra.Data.Persistent", "3 - Infra\3.1 - Data\Infra.Data.Persistent\Infra.Data.Persistent.csproj", "{190DDAC6-2DD3-4B17-9222-ED464FBE0726}"
EndProject
Project("{FAE04EC0-301F-11D3-BF4B-00C04F79EFBC}") = "Infra.Data.ReadOnly", "3 - Infra\3.1 - Data\Infra.Data.ReadOnly\Infra.Data.ReadOnly.csproj", "{E0888D99-D6C3-4A7E-ADCA-50FBCEC4C5E8}"
EndProject
Global
	GlobalSection(SolutionConfigurationPlatforms) = preSolution
		Debug|Any CPU = Debug|Any CPU
		Debug|x64 = Debug|x64
		Debug|x86 = Debug|x86
		Release|Any CPU = Release|Any CPU
		Release|x64 = Release|x64
		Release|x86 = Release|x86
	EndGlobalSection
	GlobalSection(SolutionProperties) = preSolution
		HideSolutionNode = FALSE
	EndGlobalSection
	GlobalSection(ProjectConfigurationPlatforms) = postSolution
		{3397F4AC-541E-455C-89C7-A6FA0E1FD722}.Debug|Any CPU.ActiveCfg = Debug|Any CPU
		{3397F4AC-541E-455C-89C7-A6FA0E1FD722}.Debug|Any CPU.Build.0 = Debug|Any CPU
		{3397F4AC-541E-455C-89C7-A6FA0E1FD722}.Debug|x64.ActiveCfg = Debug|Any CPU
		{3397F4AC-541E-455C-89C7-A6FA0E1FD722}.Debug|x64.Build.0 = Debug|Any CPU
		{3397F4AC-541E-455C-89C7-A6FA0E1FD722}.Debug|x86.ActiveCfg = Debug|Any CPU
		{3397F4AC-541E-455C-89C7-A6FA0E1FD722}.Debug|x86.Build.0 = Debug|Any CPU
		{3397F4AC-541E-455C-89C7-A6FA0E1FD722}.Release|Any CPU.ActiveCfg = Release|Any CPU
		{3397F4AC-541E-455C-89C7-A6FA0E1FD722}.Release|Any CPU.Build.0 = Release|Any CPU
		{3397F4AC-541E-455C-89C7-A6FA0E1FD722}.Release|x64.ActiveCfg = Release|Any CPU
		{3397F4AC-541E-455C-89C7-A6FA0E1FD722}.Release|x64.Build.0 = Release|Any CPU
		{3397F4AC-541E-455C-89C7-A6FA0E1FD722}.Release|x86.ActiveCfg = Release|Any CPU
		{3397F4AC-541E-455C-89C7-A6FA0E1FD722}.Release|x86.Build.0 = Release|Any CPU
		{594B9A28-E471-4863-8FA1-11439F621A53}.Debug|Any CPU.ActiveCfg = Debug|Any CPU
		{594B9A28-E471-4863-8FA1-11439F621A53}.Debug|Any CPU.Build.0 = Debug|Any CPU
		{594B9A28-E471-4863-8FA1-11439F621A53}.Debug|x64.ActiveCfg = Debug|Any CPU
		{594B9A28-E471-4863-8FA1-11439F621A53}.Debug|x64.Build.0 = Debug|Any CPU
		{594B9A28-E471-4863-8FA1-11439F621A53}.Debug|x86.ActiveCfg = Debug|Any CPU
		{594B9A28-E471-4863-8FA1-11439F621A53}.Debug|x86.Build.0 = Debug|Any CPU
		{594B9A28-E471-4863-8FA1-11439F621A53}.Release|Any CPU.ActiveCfg = Release|Any CPU
		{594B9A28-E471-4863-8FA1-11439F621A53}.Release|Any CPU.Build.0 = Release|Any CPU
		{594B9A28-E471-4863-8FA1-11439F621A53}.Release|x64.ActiveCfg = Release|Any CPU
		{594B9A28-E471-4863-8FA1-11439F621A53}.Release|x64.Build.0 = Release|Any CPU
		{594B9A28-E471-4863-8FA1-11439F621A53}.Release|x86.ActiveCfg = Release|Any CPU
		{594B9A28-E471-4863-8FA1-11439F621A53}.Release|x86.Build.0 = Release|Any CPU
		{A9435BEB-8419-469B-8CE0-758409326555}.Debug|Any CPU.ActiveCfg = Debug|Any CPU
		{A9435BEB-8419-469B-8CE0-758409326555}.Debug|Any CPU.Build.0 = Debug|Any CPU
		{A9435BEB-8419-469B-8CE0-758409326555}.Debug|x64.ActiveCfg = Debug|Any CPU
		{A9435BEB-8419-469B-8CE0-758409326555}.Debug|x64.Build.0 = Debug|Any CPU
		{A9435BEB-8419-469B-8CE0-758409326555}.Debug|x86.ActiveCfg = Debug|Any CPU
		{A9435BEB-8419-469B-8CE0-758409326555}.Debug|x86.Build.0 = Debug|Any CPU
		{A9435BEB-8419-469B-8CE0-758409326555}.Release|Any CPU.ActiveCfg = Release|Any CPU
		{A9435BEB-8419-469B-8CE0-758409326555}.Release|Any CPU.Build.0 = Release|Any CPU
		{A9435BEB-8419-469B-8CE0-758409326555}.Release|x64.ActiveCfg = Release|Any CPU
		{A9435BEB-8419-469B-8CE0-758409326555}.Release|x64.Build.0 = Release|Any CPU
		{A9435BEB-8419-469B-8CE0-758409326555}.Release|x86.ActiveCfg = Release|Any CPU
		{A9435BEB-8419-469B-8CE0-758409326555}.Release|x86.Build.0 = Release|Any CPU
		{5BCE6ED4-E756-4D3C-BD4C-0A826CC13359}.Debug|Any CPU.ActiveCfg = Debug|Any CPU
		{5BCE6ED4-E756-4D3C-BD4C-0A826CC13359}.Debug|Any CPU.Build.0 = Debug|Any CPU
		{5BCE6ED4-E756-4D3C-BD4C-0A826CC13359}.Debug|x64.ActiveCfg = Debug|Any CPU
		{5BCE6ED4-E756-4D3C-BD4C-0A826CC13359}.Debug|x64.Build.0 = Debug|Any CPU
		{5BCE6ED4-E756-4D3C-BD4C-0A826CC13359}.Debug|x86.ActiveCfg = Debug|Any CPU
		{5BCE6ED4-E756-4D3C-BD4C-0A826CC13359}.Debug|x86.Build.0 = Debug|Any CPU
		{5BCE6ED4-E756-4D3C-BD4C-0A826CC13359}.Release|Any CPU.ActiveCfg = Release|Any CPU
		{5BCE6ED4-E756-4D3C-BD4C-0A826CC13359}.Release|Any CPU.Build.0 = Release|Any CPU
		{5BCE6ED4-E756-4D3C-BD4C-0A826CC13359}.Release|x64.ActiveCfg = Release|Any CPU
		{5BCE6ED4-E756-4D3C-BD4C-0A826CC13359}.Release|x64.Build.0 = Release|Any CPU
		{5BCE6ED4-E756-4D3C-BD4C-0A826CC13359}.Release|x86.ActiveCfg = Release|Any CPU
		{5BCE6ED4-E756-4D3C-BD4C-0A826CC13359}.Release|x86.Build.0 = Release|Any CPU
		{F24D76ED-2939-47EF-9A69-378952D2ADC1}.Debug|Any CPU.ActiveCfg = Debug|Any CPU
		{F24D76ED-2939-47EF-9A69-378952D2ADC1}.Debug|Any CPU.Build.0 = Debug|Any CPU
		{F24D76ED-2939-47EF-9A69-378952D2ADC1}.Debug|x64.ActiveCfg = Debug|Any CPU
		{F24D76ED-2939-47EF-9A69-378952D2ADC1}.Debug|x64.Build.0 = Debug|Any CPU
		{F24D76ED-2939-47EF-9A69-378952D2ADC1}.Debug|x86.ActiveCfg = Debug|Any CPU
		{F24D76ED-2939-47EF-9A69-378952D2ADC1}.Debug|x86.Build.0 = Debug|Any CPU
		{F24D76ED-2939-47EF-9A69-378952D2ADC1}.Release|Any CPU.ActiveCfg = Release|Any CPU
		{F24D76ED-2939-47EF-9A69-378952D2ADC1}.Release|Any CPU.Build.0 = Release|Any CPU
		{F24D76ED-2939-47EF-9A69-378952D2ADC1}.Release|x64.ActiveCfg = Release|Any CPU
		{F24D76ED-2939-47EF-9A69-378952D2ADC1}.Release|x64.Build.0 = Release|Any CPU
		{F24D76ED-2939-47EF-9A69-378952D2ADC1}.Release|x86.ActiveCfg = Release|Any CPU
		{F24D76ED-2939-47EF-9A69-378952D2ADC1}.Release|x86.Build.0 = Release|Any CPU
		{190DDAC6-2DD3-4B17-9222-ED464FBE0726}.Debug|Any CPU.ActiveCfg = Debug|Any CPU
		{190DDAC6-2DD3-4B17-9222-ED464FBE0726}.Debug|Any CPU.Build.0 = Debug|Any CPU
		{190DDAC6-2DD3-4B17-9222-ED464FBE0726}.Debug|x64.ActiveCfg = Debug|Any CPU
		{190DDAC6-2DD3-4B17-9222-ED464FBE0726}.Debug|x64.Build.0 = Debug|Any CPU
		{190DDAC6-2DD3-4B17-9222-ED464FBE0726}.Debug|x86.ActiveCfg = Debug|Any CPU
		{190DDAC6-2DD3-4B17-9222-ED464FBE0726}.Debug|x86.Build.0 = Debug|Any CPU
		{190DDAC6-2DD3-4B17-9222-ED464FBE0726}.Release|Any CPU.ActiveCfg = Release|Any CPU
		{190DDAC6-2DD3-4B17-9222-ED464FBE0726}.Release|Any CPU.Build.0 = Release|Any CPU
		{190DDAC6-2DD3-4B17-9222-ED464FBE0726}.Release|x64.ActiveCfg = Release|Any CPU
		{190DDAC6-2DD3-4B17-9222-ED464FBE0726}.Release|x64.Build.0 = Release|Any CPU
		{190DDAC6-2DD3-4B17-9222-ED464FBE0726}.Release|x86.ActiveCfg = Release|Any CPU
		{190DDAC6-2DD3-4B17-9222-ED464FBE0726}.Release|x86.Build.0 = Release|Any CPU
		{E0888D99-D6C3-4A7E-ADCA-50FBCEC4C5E8}.Debug|Any CPU.ActiveCfg = Debug|Any CPU
		{E0888D99-D6C3-4A7E-ADCA-50FBCEC4C5E8}.Debug|Any CPU.Build.0 = Debug|Any CPU
		{E0888D99-D6C3-4A7E-ADCA-50FBCEC4C5E8}.Debug|x64.ActiveCfg = Debug|Any CPU
		{E0888D99-D6C3-4A7E-ADCA-50FBCEC4C5E8}.Debug|x64.Build.0 = Debug|Any CPU
		{E0888D99-D6C3-4A7E-ADCA-50FBCEC4C5E8}.Debug|x86.ActiveCfg = Debug|Any CPU
		{E0888D99-D6C3-4A7E-ADCA-50FBCEC4C5E8}.Debug|x86.Build.0 = Debug|Any CPU
		{E0888D99-D6C3-4A7E-ADCA-50FBCEC4C5E8}.Release|Any CPU.ActiveCfg = Release|Any CPU
		{E0888D99-D6C3-4A7E-ADCA-50FBCEC4C5E8}.Release|Any CPU.Build.0 = Release|Any CPU
		{E0888D99-D6C3-4A7E-ADCA-50FBCEC4C5E8}.Release|x64.ActiveCfg = Release|Any CPU
		{E0888D99-D6C3-4A7E-ADCA-50FBCEC4C5E8}.Release|x64.Build.0 = Release|Any CPU
		{E0888D99-D6C3-4A7E-ADCA-50FBCEC4C5E8}.Release|x86.ActiveCfg = Release|Any CPU
		{E0888D99-D6C3-4A7E-ADCA-50FBCEC4C5E8}.Release|x86.Build.0 = Release|Any CPU
	EndGlobalSection
	GlobalSection(NestedProjects) = preSolution
		{EA304AA9-38B7-43BF-8062-1098D15E0410} = {6CD5A3D0-E8B0-11EA-B60D-C95DE08BB6E3}
		{3397F4AC-541E-455C-89C7-A6FA0E1FD722} = {EA304AA9-38B7-43BF-8062-1098D15E0410}
		{594B9A28-E471-4863-8FA1-11439F621A53} = {EB5522E2-0F06-465B-9C30-900C098CB2DC}
		{A9435BEB-8419-469B-8CE0-758409326555} = {EB5522E2-0F06-465B-9C30-900C098CB2DC}
		{5BCE6ED4-E756-4D3C-BD4C-0A826CC13359} = {EA304AA9-38B7-43BF-8062-1098D15E0410}
		{F24D76ED-2939-47EF-9A69-378952D2ADC1} = {FA8DEEDF-DB42-4079-A69E-A13A463F5F73}
		{877F4183-B43B-40D1-BD96-A603E931B1D7} = {35D09184-BB25-4371-BF2B-BA0D14B36B04}
		{190DDAC6-2DD3-4B17-9222-ED464FBE0726} = {877F4183-B43B-40D1-BD96-A603E931B1D7}
		{E0888D99-D6C3-4A7E-ADCA-50FBCEC4C5E8} = {877F4183-B43B-40D1-BD96-A603E931B1D7}
	EndGlobalSection
EndGlobal
