
Microsoft Visual Studio Solution File, Format Version 12.00
# Visual Studio Version 16
VisualStudioVersion = 16.0.30330.147
MinimumVisualStudioVersion = 15.0.26124.0
Project("{2150E333-8FDC-42A3-9474-1A3956D46DE8}") = "1 - UI", "1 - UI", "{6CD5A3D0-E8B0-11EA-B60D-C95DE08BB6E3}"
EndProject
Project("{2150E333-8FDC-42A3-9474-1A3956D46DE8}") = "Web", "Web", "{EA304AA9-38B7-43BF-8062-1098D15E0410}"
EndProject
Project("{9A19103F-16F7-4668-BE54-9A1E7A4F7556}") = "UI.API.Web", "1 - UI\Web\UI.Web.API\UI.API.Web.csproj", "{3397F4AC-541E-455C-89C7-A6FA0E1FD722}"
EndProject
Project("{2150E333-8FDC-42A3-9474-1A3956D46DE8}") = "4 - Domain", "4 - Domain", "{EB5522E2-0F06-465B-9C30-900C098CB2DC}"
EndProject
Project("{9A19103F-16F7-4668-BE54-9A1E7A4F7556}") = "Domain.Core", "4 - Domain\Domain.Core\Domain.Core.csproj", "{594B9A28-E471-4863-8FA1-11439F621A53}"
EndProject
Project("{9A19103F-16F7-4668-BE54-9A1E7A4F7556}") = "UI.Web.IoC", "1 - UI\Web\UI.Web.IoC\UI.Web.IoC.csproj", "{5BCE6ED4-E756-4D3C-BD4C-0A826CC13359}"
EndProject
Project("{2150E333-8FDC-42A3-9474-1A3956D46DE8}") = "2 - Application", "2 - Application", "{FA8DEEDF-DB42-4079-A69E-A13A463F5F73}"
EndProject
Project("{2150E333-8FDC-42A3-9474-1A3956D46DE8}") = "3 - Infra", "3 - Infra", "{35D09184-BB25-4371-BF2B-BA0D14B36B04}"
EndProject
Project("{2150E333-8FDC-42A3-9474-1A3956D46DE8}") = "3.1 - Data", "3.1 - Data", "{877F4183-B43B-40D1-BD96-A603E931B1D7}"
EndProject
Project("{9A19103F-16F7-4668-BE54-9A1E7A4F7556}") = "Infra.Data.Persistent", "3 - Infra\3.1 - Data\Infra.Data.Persistent\Infra.Data.Persistent.csproj", "{190DDAC6-2DD3-4B17-9222-ED464FBE0726}"
EndProject
Project("{9A19103F-16F7-4668-BE54-9A1E7A4F7556}") = "Infra.Data.ReadOnly", "3 - Infra\3.1 - Data\Infra.Data.ReadOnly\Infra.Data.ReadOnly.csproj", "{E0888D99-D6C3-4A7E-ADCA-50FBCEC4C5E8}"
EndProject
Project("{9A19103F-16F7-4668-BE54-9A1E7A4F7556}") = "Infra.Data.Core", "3 - Infra\3.1 - Data\Infra.Data.Core\Infra.Data.Core.csproj", "{D450FB5D-0383-4022-995E-EE815B499B09}"
EndProject
Project("{2150E333-8FDC-42A3-9474-1A3956D46DE8}") = "3.2 - CrossCutting", "3.2 - CrossCutting", "{702B3F97-2FD1-4110-AFDE-E3B8D3DC1B12}"
EndProject
Project("{9A19103F-16F7-4668-BE54-9A1E7A4F7556}") = "Domain.SAAD", "4 - Domain\Domain.SAAD\Domain.SAAD.csproj", "{727B1310-032E-460E-A060-A253A9B5EC64}"
EndProject
Project("{9A19103F-16F7-4668-BE54-9A1E7A4F7556}") = "Application.SAAD", "2 - Application\Application.SAAD\Application.SAAD.csproj", "{679DC1E4-0BAA-4986-AA4A-88FCB94C50E0}"
EndProject
Global
	GlobalSection(SolutionConfigurationPlatforms) = preSolution
		Debug|Any CPU = Debug|Any CPU
		Debug|x64 = Debug|x64
		Debug|x86 = Debug|x86
		Release|Any CPU = Release|Any CPU
		Release|x64 = Release|x64
		Release|x86 = Release|x86
	EndGlobalSection
	GlobalSection(ProjectConfigurationPlatforms) = postSolution
		{3397F4AC-541E-455C-89C7-A6FA0E1FD722}.Debug|Any CPU.ActiveCfg = Debug|Any CPU
		{3397F4AC-541E-455C-89C7-A6FA0E1FD722}.Debug|Any CPU.Build.0 = Debug|Any CPU
		{3397F4AC-541E-455C-89C7-A6FA0E1FD722}.Debug|x64.ActiveCfg = Debug|Any CPU
		{3397F4AC-541E-455C-89C7-A6FA0E1FD722}.Debug|x64.Build.0 = Debug|Any CPU
		{3397F4AC-541E-455C-89C7-A6FA0E1FD722}.Debug|x86.ActiveCfg = Debug|Any CPU
		{3397F4AC-541E-455C-89C7-A6FA0E1FD722}.Debug|x86.Build.0 = Debug|Any CPU
		{3397F4AC-541E-455C-89C7-A6FA0E1FD722}.Release|Any CPU.ActiveCfg = Release|Any CPU
		{3397F4AC-541E-455C-89C7-A6FA0E1FD722}.Release|Any CPU.Build.0 = Release|Any CPU
		{3397F4AC-541E-455C-89C7-A6FA0E1FD722}.Release|x64.ActiveCfg = Release|Any CPU
		{3397F4AC-541E-455C-89C7-A6FA0E1FD722}.Release|x64.Build.0 = Release|Any CPU
		{3397F4AC-541E-455C-89C7-A6FA0E1FD722}.Release|x86.ActiveCfg = Release|Any CPU
		{3397F4AC-541E-455C-89C7-A6FA0E1FD722}.Release|x86.Build.0 = Release|Any CPU
		{594B9A28-E471-4863-8FA1-11439F621A53}.Debug|Any CPU.ActiveCfg = Debug|Any CPU
		{594B9A28-E471-4863-8FA1-11439F621A53}.Debug|Any CPU.Build.0 = Debug|Any CPU
		{594B9A28-E471-4863-8FA1-11439F621A53}.Debug|x64.ActiveCfg = Debug|Any CPU
		{594B9A28-E471-4863-8FA1-11439F621A53}.Debug|x64.Build.0 = Debug|Any CPU
		{594B9A28-E471-4863-8FA1-11439F621A53}.Debug|x86.ActiveCfg = Debug|Any CPU
		{594B9A28-E471-4863-8FA1-11439F621A53}.Debug|x86.Build.0 = Debug|Any CPU
		{594B9A28-E471-4863-8FA1-11439F621A53}.Release|Any CPU.ActiveCfg = Release|Any CPU
		{594B9A28-E471-4863-8FA1-11439F621A53}.Release|Any CPU.Build.0 = Release|Any CPU
		{594B9A28-E471-4863-8FA1-11439F621A53}.Release|x64.ActiveCfg = Release|Any CPU
		{594B9A28-E471-4863-8FA1-11439F621A53}.Release|x64.Build.0 = Release|Any CPU
		{594B9A28-E471-4863-8FA1-11439F621A53}.Release|x86.ActiveCfg = Release|Any CPU
		{594B9A28-E471-4863-8FA1-11439F621A53}.Release|x86.Build.0 = Release|Any CPU
		{5BCE6ED4-E756-4D3C-BD4C-0A826CC13359}.Debug|Any CPU.ActiveCfg = Debug|Any CPU
		{5BCE6ED4-E756-4D3C-BD4C-0A826CC13359}.Debug|Any CPU.Build.0 = Debug|Any CPU
		{5BCE6ED4-E756-4D3C-BD4C-0A826CC13359}.Debug|x64.ActiveCfg = Debug|Any CPU
		{5BCE6ED4-E756-4D3C-BD4C-0A826CC13359}.Debug|x64.Build.0 = Debug|Any CPU
		{5BCE6ED4-E756-4D3C-BD4C-0A826CC13359}.Debug|x86.ActiveCfg = Debug|Any CPU
		{5BCE6ED4-E756-4D3C-BD4C-0A826CC13359}.Debug|x86.Build.0 = Debug|Any CPU
		{5BCE6ED4-E756-4D3C-BD4C-0A826CC13359}.Release|Any CPU.ActiveCfg = Release|Any CPU
		{5BCE6ED4-E756-4D3C-BD4C-0A826CC13359}.Release|Any CPU.Build.0 = Release|Any CPU
		{5BCE6ED4-E756-4D3C-BD4C-0A826CC13359}.Release|x64.ActiveCfg = Release|Any CPU
		{5BCE6ED4-E756-4D3C-BD4C-0A826CC13359}.Release|x64.Build.0 = Release|Any CPU
		{5BCE6ED4-E756-4D3C-BD4C-0A826CC13359}.Release|x86.ActiveCfg = Release|Any CPU
		{5BCE6ED4-E756-4D3C-BD4C-0A826CC13359}.Release|x86.Build.0 = Release|Any CPU
		{190DDAC6-2DD3-4B17-9222-ED464FBE0726}.Debug|Any CPU.ActiveCfg = Debug|Any CPU
		{190DDAC6-2DD3-4B17-9222-ED464FBE0726}.Debug|Any CPU.Build.0 = Debug|Any CPU
		{190DDAC6-2DD3-4B17-9222-ED464FBE0726}.Debug|x64.ActiveCfg = Debug|Any CPU
		{190DDAC6-2DD3-4B17-9222-ED464FBE0726}.Debug|x64.Build.0 = Debug|Any CPU
		{190DDAC6-2DD3-4B17-9222-ED464FBE0726}.Debug|x86.ActiveCfg = Debug|Any CPU
		{190DDAC6-2DD3-4B17-9222-ED464FBE0726}.Debug|x86.Build.0 = Debug|Any CPU
		{190DDAC6-2DD3-4B17-9222-ED464FBE0726}.Release|Any CPU.ActiveCfg = Release|Any CPU
		{190DDAC6-2DD3-4B17-9222-ED464FBE0726}.Release|Any CPU.Build.0 = Release|Any CPU
		{190DDAC6-2DD3-4B17-9222-ED464FBE0726}.Release|x64.ActiveCfg = Release|Any CPU
		{190DDAC6-2DD3-4B17-9222-ED464FBE0726}.Release|x64.Build.0 = Release|Any CPU
		{190DDAC6-2DD3-4B17-9222-ED464FBE0726}.Release|x86.ActiveCfg = Release|Any CPU
		{190DDAC6-2DD3-4B17-9222-ED464FBE0726}.Release|x86.Build.0 = Release|Any CPU
		{E0888D99-D6C3-4A7E-ADCA-50FBCEC4C5E8}.Debug|Any CPU.ActiveCfg = Debug|Any CPU
		{E0888D99-D6C3-4A7E-ADCA-50FBCEC4C5E8}.Debug|Any CPU.Build.0 = Debug|Any CPU
		{E0888D99-D6C3-4A7E-ADCA-50FBCEC4C5E8}.Debug|x64.ActiveCfg = Debug|Any CPU
		{E0888D99-D6C3-4A7E-ADCA-50FBCEC4C5E8}.Debug|x64.Build.0 = Debug|Any CPU
		{E0888D99-D6C3-4A7E-ADCA-50FBCEC4C5E8}.Debug|x86.ActiveCfg = Debug|Any CPU
		{E0888D99-D6C3-4A7E-ADCA-50FBCEC4C5E8}.Debug|x86.Build.0 = Debug|Any CPU
		{E0888D99-D6C3-4A7E-ADCA-50FBCEC4C5E8}.Release|Any CPU.ActiveCfg = Release|Any CPU
		{E0888D99-D6C3-4A7E-ADCA-50FBCEC4C5E8}.Release|Any CPU.Build.0 = Release|Any CPU
		{E0888D99-D6C3-4A7E-ADCA-50FBCEC4C5E8}.Release|x64.ActiveCfg = Release|Any CPU
		{E0888D99-D6C3-4A7E-ADCA-50FBCEC4C5E8}.Release|x64.Build.0 = Release|Any CPU
		{E0888D99-D6C3-4A7E-ADCA-50FBCEC4C5E8}.Release|x86.ActiveCfg = Release|Any CPU
		{E0888D99-D6C3-4A7E-ADCA-50FBCEC4C5E8}.Release|x86.Build.0 = Release|Any CPU
		{D450FB5D-0383-4022-995E-EE815B499B09}.Debug|Any CPU.ActiveCfg = Debug|Any CPU
		{D450FB5D-0383-4022-995E-EE815B499B09}.Debug|Any CPU.Build.0 = Debug|Any CPU
		{D450FB5D-0383-4022-995E-EE815B499B09}.Debug|x64.ActiveCfg = Debug|Any CPU
		{D450FB5D-0383-4022-995E-EE815B499B09}.Debug|x64.Build.0 = Debug|Any CPU
		{D450FB5D-0383-4022-995E-EE815B499B09}.Debug|x86.ActiveCfg = Debug|Any CPU
		{D450FB5D-0383-4022-995E-EE815B499B09}.Debug|x86.Build.0 = Debug|Any CPU
		{D450FB5D-0383-4022-995E-EE815B499B09}.Release|Any CPU.ActiveCfg = Release|Any CPU
		{D450FB5D-0383-4022-995E-EE815B499B09}.Release|Any CPU.Build.0 = Release|Any CPU
		{D450FB5D-0383-4022-995E-EE815B499B09}.Release|x64.ActiveCfg = Release|Any CPU
		{D450FB5D-0383-4022-995E-EE815B499B09}.Release|x64.Build.0 = Release|Any CPU
		{D450FB5D-0383-4022-995E-EE815B499B09}.Release|x86.ActiveCfg = Release|Any CPU
		{D450FB5D-0383-4022-995E-EE815B499B09}.Release|x86.Build.0 = Release|Any CPU
		{727B1310-032E-460E-A060-A253A9B5EC64}.Debug|Any CPU.ActiveCfg = Debug|Any CPU
		{727B1310-032E-460E-A060-A253A9B5EC64}.Debug|Any CPU.Build.0 = Debug|Any CPU
		{727B1310-032E-460E-A060-A253A9B5EC64}.Debug|x64.ActiveCfg = Debug|Any CPU
		{727B1310-032E-460E-A060-A253A9B5EC64}.Debug|x64.Build.0 = Debug|Any CPU
		{727B1310-032E-460E-A060-A253A9B5EC64}.Debug|x86.ActiveCfg = Debug|Any CPU
		{727B1310-032E-460E-A060-A253A9B5EC64}.Debug|x86.Build.0 = Debug|Any CPU
		{727B1310-032E-460E-A060-A253A9B5EC64}.Release|Any CPU.ActiveCfg = Release|Any CPU
		{727B1310-032E-460E-A060-A253A9B5EC64}.Release|Any CPU.Build.0 = Release|Any CPU
		{727B1310-032E-460E-A060-A253A9B5EC64}.Release|x64.ActiveCfg = Release|Any CPU
		{727B1310-032E-460E-A060-A253A9B5EC64}.Release|x64.Build.0 = Release|Any CPU
		{727B1310-032E-460E-A060-A253A9B5EC64}.Release|x86.ActiveCfg = Release|Any CPU
		{727B1310-032E-460E-A060-A253A9B5EC64}.Release|x86.Build.0 = Release|Any CPU
		{679DC1E4-0BAA-4986-AA4A-88FCB94C50E0}.Debug|Any CPU.ActiveCfg = Debug|Any CPU
		{679DC1E4-0BAA-4986-AA4A-88FCB94C50E0}.Debug|Any CPU.Build.0 = Debug|Any CPU
		{679DC1E4-0BAA-4986-AA4A-88FCB94C50E0}.Debug|x64.ActiveCfg = Debug|Any CPU
		{679DC1E4-0BAA-4986-AA4A-88FCB94C50E0}.Debug|x64.Build.0 = Debug|Any CPU
		{679DC1E4-0BAA-4986-AA4A-88FCB94C50E0}.Debug|x86.ActiveCfg = Debug|Any CPU
		{679DC1E4-0BAA-4986-AA4A-88FCB94C50E0}.Debug|x86.Build.0 = Debug|Any CPU
		{679DC1E4-0BAA-4986-AA4A-88FCB94C50E0}.Release|Any CPU.ActiveCfg = Release|Any CPU
		{679DC1E4-0BAA-4986-AA4A-88FCB94C50E0}.Release|Any CPU.Build.0 = Release|Any CPU
		{679DC1E4-0BAA-4986-AA4A-88FCB94C50E0}.Release|x64.ActiveCfg = Release|Any CPU
		{679DC1E4-0BAA-4986-AA4A-88FCB94C50E0}.Release|x64.Build.0 = Release|Any CPU
		{679DC1E4-0BAA-4986-AA4A-88FCB94C50E0}.Release|x86.ActiveCfg = Release|Any CPU
		{679DC1E4-0BAA-4986-AA4A-88FCB94C50E0}.Release|x86.Build.0 = Release|Any CPU
	EndGlobalSection
	GlobalSection(SolutionProperties) = preSolution
		HideSolutionNode = FALSE
	EndGlobalSection
	GlobalSection(NestedProjects) = preSolution
		{EA304AA9-38B7-43BF-8062-1098D15E0410} = {6CD5A3D0-E8B0-11EA-B60D-C95DE08BB6E3}
		{3397F4AC-541E-455C-89C7-A6FA0E1FD722} = {EA304AA9-38B7-43BF-8062-1098D15E0410}
		{594B9A28-E471-4863-8FA1-11439F621A53} = {EB5522E2-0F06-465B-9C30-900C098CB2DC}
		{5BCE6ED4-E756-4D3C-BD4C-0A826CC13359} = {EA304AA9-38B7-43BF-8062-1098D15E0410}
		{877F4183-B43B-40D1-BD96-A603E931B1D7} = {35D09184-BB25-4371-BF2B-BA0D14B36B04}
		{190DDAC6-2DD3-4B17-9222-ED464FBE0726} = {877F4183-B43B-40D1-BD96-A603E931B1D7}
		{E0888D99-D6C3-4A7E-ADCA-50FBCEC4C5E8} = {877F4183-B43B-40D1-BD96-A603E931B1D7}
		{D450FB5D-0383-4022-995E-EE815B499B09} = {877F4183-B43B-40D1-BD96-A603E931B1D7}
		{702B3F97-2FD1-4110-AFDE-E3B8D3DC1B12} = {35D09184-BB25-4371-BF2B-BA0D14B36B04}
		{727B1310-032E-460E-A060-A253A9B5EC64} = {EB5522E2-0F06-465B-9C30-900C098CB2DC}
		{679DC1E4-0BAA-4986-AA4A-88FCB94C50E0} = {FA8DEEDF-DB42-4079-A69E-A13A463F5F73}
	EndGlobalSection
	GlobalSection(ExtensibilityGlobals) = postSolution
		SolutionGuid = {9AE25B7F-10A7-48F6-BFA5-31B7C6E19D53}
	EndGlobalSection
EndGlobal
